
Microsoft Visual Studio Solution File, Format Version 12.00
# Visual Studio Version 17
VisualStudioVersion = 17.1.32210.238
MinimumVisualStudioVersion = 10.0.40219.1
Project("{FAE04EC0-301F-11D3-BF4B-00C04F79EFBC}") = "ProgrammingTasks", "ProgrammingTasks\ProgrammingTasks.csproj", "{B5EAD7E6-CCF0-4648-80F9-F81EF5A96866}"
EndProject
Global
	GlobalSection(SolutionConfigurationPlatforms) = preSolution
		Debug|Any CPU = Debug|Any CPU
		Release|Any CPU = Release|Any CPU
	EndGlobalSection
	GlobalSection(ProjectConfigurationPlatforms) = postSolution
		{B5EAD7E6-CCF0-4648-80F9-F81EF5A96866}.Debug|Any CPU.ActiveCfg = Debug|Any CPU
		{B5EAD7E6-CCF0-4648-80F9-F81EF5A96866}.Debug|Any CPU.Build.0 = Debug|Any CPU
		{B5EAD7E6-CCF0-4648-80F9-F81EF5A96866}.Release|Any CPU.ActiveCfg = Release|Any CPU
		{B5EAD7E6-CCF0-4648-80F9-F81EF5A96866}.Release|Any CPU.Build.0 = Release|Any CPU
	EndGlobalSection
	GlobalSection(SolutionProperties) = preSolution
		HideSolutionNode = FALSE
	EndGlobalSection
	GlobalSection(ExtensibilityGlobals) = postSolution
		SolutionGuid = {BA89102E-7FE2-4222-BF36-2E505BCDA199}
	EndGlobalSection
EndGlobal
